
Microsoft Visual Studio Solution File, Format Version 12.00
# Visual Studio Version 17
VisualStudioVersion = 17.4.33205.214
MinimumVisualStudioVersion = 10.0.40219.1
Project("{9A19103F-16F7-4668-BE54-9A1E7A4F7556}") = "Entities", "Entities\Entities.csproj", "{B1BDAAD5-D610-4EB3-B2AF-B936FD71ED8B}"
EndProject
Project("{9A19103F-16F7-4668-BE54-9A1E7A4F7556}") = "DataAccess", "DataAccess\DataAccess.csproj", "{EBADED82-5DE7-45FE-8C93-D03A32EB701B}"
EndProject
Project("{9A19103F-16F7-4668-BE54-9A1E7A4F7556}") = "Business", "Business\Business.csproj", "{0518320A-D437-4DD4-8207-47FFE9EF6419}"
EndProject
Project("{9A19103F-16F7-4668-BE54-9A1E7A4F7556}") = "Console", "Console\Console.csproj", "{DDD498F6-1366-4613-83BE-52492FC1576B}"
EndProject
Project("{9A19103F-16F7-4668-BE54-9A1E7A4F7556}") = "Core", "Core\Core.csproj", "{E30BF216-7CA3-431B-B537-8953344A4058}"
EndProject
Project("{2150E333-8FDC-42A3-9474-1A3956D46DE8}") = "Notlar", "Notlar", "{E6447237-2877-46F6-BD77-C5E5787BAB5A}"
	ProjectSection(SolutionItems) = preProject
		attribute-reflection-event.txt = attribute-reflection-event.txt
	EndProjectSection
EndProject
Global
	GlobalSection(SolutionConfigurationPlatforms) = preSolution
		Debug|Any CPU = Debug|Any CPU
		Release|Any CPU = Release|Any CPU
	EndGlobalSection
	GlobalSection(ProjectConfigurationPlatforms) = postSolution
		{B1BDAAD5-D610-4EB3-B2AF-B936FD71ED8B}.Debug|Any CPU.ActiveCfg = Debug|Any CPU
		{B1BDAAD5-D610-4EB3-B2AF-B936FD71ED8B}.Debug|Any CPU.Build.0 = Debug|Any CPU
		{B1BDAAD5-D610-4EB3-B2AF-B936FD71ED8B}.Release|Any CPU.ActiveCfg = Release|Any CPU
		{B1BDAAD5-D610-4EB3-B2AF-B936FD71ED8B}.Release|Any CPU.Build.0 = Release|Any CPU
		{EBADED82-5DE7-45FE-8C93-D03A32EB701B}.Debug|Any CPU.ActiveCfg = Debug|Any CPU
		{EBADED82-5DE7-45FE-8C93-D03A32EB701B}.Debug|Any CPU.Build.0 = Debug|Any CPU
		{EBADED82-5DE7-45FE-8C93-D03A32EB701B}.Release|Any CPU.ActiveCfg = Release|Any CPU
		{EBADED82-5DE7-45FE-8C93-D03A32EB701B}.Release|Any CPU.Build.0 = Release|Any CPU
		{0518320A-D437-4DD4-8207-47FFE9EF6419}.Debug|Any CPU.ActiveCfg = Debug|Any CPU
		{0518320A-D437-4DD4-8207-47FFE9EF6419}.Debug|Any CPU.Build.0 = Debug|Any CPU
		{0518320A-D437-4DD4-8207-47FFE9EF6419}.Release|Any CPU.ActiveCfg = Release|Any CPU
		{0518320A-D437-4DD4-8207-47FFE9EF6419}.Release|Any CPU.Build.0 = Release|Any CPU
		{DDD498F6-1366-4613-83BE-52492FC1576B}.Debug|Any CPU.ActiveCfg = Debug|Any CPU
		{DDD498F6-1366-4613-83BE-52492FC1576B}.Debug|Any CPU.Build.0 = Debug|Any CPU
		{DDD498F6-1366-4613-83BE-52492FC1576B}.Release|Any CPU.ActiveCfg = Release|Any CPU
		{DDD498F6-1366-4613-83BE-52492FC1576B}.Release|Any CPU.Build.0 = Release|Any CPU
		{E30BF216-7CA3-431B-B537-8953344A4058}.Debug|Any CPU.ActiveCfg = Debug|Any CPU
		{E30BF216-7CA3-431B-B537-8953344A4058}.Debug|Any CPU.Build.0 = Debug|Any CPU
		{E30BF216-7CA3-431B-B537-8953344A4058}.Release|Any CPU.ActiveCfg = Release|Any CPU
		{E30BF216-7CA3-431B-B537-8953344A4058}.Release|Any CPU.Build.0 = Release|Any CPU
	EndGlobalSection
	GlobalSection(SolutionProperties) = preSolution
		HideSolutionNode = FALSE
	EndGlobalSection
	GlobalSection(ExtensibilityGlobals) = postSolution
		SolutionGuid = {F0B5341F-2D0E-430C-BE73-E3DA1142129D}
	EndGlobalSection
EndGlobal
